
Microsoft Visual Studio Solution File, Format Version 12.00
# Visual Studio Version 17
VisualStudioVersion = 17.0.31903.59
MinimumVisualStudioVersion = 10.0.40219.1
Project("{FAE04EC0-301F-11D3-BF4B-00C04F79EFBC}") = "MqMonitor.DTO", "MqMonitor.DTO\MqMonitor.DTO.csproj", "{B1000001-0001-0001-0001-000000000001}"
EndProject
Project("{FAE04EC0-301F-11D3-BF4B-00C04F79EFBC}") = "MqMonitor.Domain", "MqMonitor.Domain\MqMonitor.Domain.csproj", "{B1000002-0002-0002-0002-000000000002}"
EndProject
Project("{FAE04EC0-301F-11D3-BF4B-00C04F79EFBC}") = "MqMonitor.Infra.Interfaces", "MqMonitor.Infra.Interfaces\MqMonitor.Infra.Interfaces.csproj", "{B1000003-0003-0003-0003-000000000003}"
EndProject
Project("{FAE04EC0-301F-11D3-BF4B-00C04F79EFBC}") = "MqMonitor.Infra", "MqMonitor.Infra\MqMonitor.Infra.csproj", "{B1000004-0004-0004-0004-000000000004}"
EndProject
Project("{FAE04EC0-301F-11D3-BF4B-00C04F79EFBC}") = "MqMonitor.Application", "MqMonitor.Application\MqMonitor.Application.csproj", "{B1000005-0005-0005-0005-000000000005}"
EndProject
Project("{FAE04EC0-301F-11D3-BF4B-00C04F79EFBC}") = "MqMonitor.API", "MqMonitor.API\MqMonitor.API.csproj", "{B1000006-0006-0006-0006-000000000006}"
EndProject
Project("{FAE04EC0-301F-11D3-BF4B-00C04F79EFBC}") = "MqMonitor.Worker", "MqMonitor.Worker\MqMonitor.Worker.csproj", "{B1000007-0007-0007-0007-000000000007}"
EndProject
Project("{FAE04EC0-301F-11D3-BF4B-00C04F79EFBC}") = "MqMonitor.Producer", "MqMonitor.Producer\MqMonitor.Producer.csproj", "{B1000008-0008-0008-0008-000000000008}"
EndProject
Project("{2150E333-8FDC-42A3-9474-1A3956D46DE8}") = "0 - Docker", "0 - Docker", "{02EA681E-C7D8-13C7-8484-4AC65E1B71E8}"
	ProjectSection(SolutionItems) = preProject
		.env.example = .env.example
		docker-compose.yml = docker-compose.yml
	EndProjectSection
EndProject
Project("{2150E333-8FDC-42A3-9474-1A3956D46DE8}") = "1 - Frontend", "1 - Frontend", "{CED65F3B-D11E-4312-BF6D-EC92A02DB88E}"
	ProjectSection(SolutionItems) = preProject
		mqmonitor-app\package.json = mqmonitor-app\package.json
	EndProjectSection
EndProject
Project("{2150E333-8FDC-42A3-9474-1A3956D46DE8}") = "2 - Backend", "2 - Backend", "{27A0797C-AB8B-42E8-A478-FECE20B0623A}"
EndProject
Project("{2150E333-8FDC-42A3-9474-1A3956D46DE8}") = "3 - Extras", "3 - Extras", "{BFE9C222-83ED-4877-AB43-14425E116E8F}"
	ProjectSection(SolutionItems) = preProject
		.gitignore = .gitignore
		LICENSE = LICENSE
		README.md = README.md
	EndProjectSection
EndProject
Project("{2150E333-8FDC-42A3-9474-1A3956D46DE8}") = "3 - Examples", "3 - Examples", "{833D9FD2-A37B-FE9E-8D12-9A6B162B0C47}"
EndProject
Project("{FAE04EC0-301F-11D3-BF4B-00C04F79EFBC}") = "MqMonitor.Example.ReportWorker", "examples\MqMonitor.Example.ReportWorker\MqMonitor.Example.ReportWorker.csproj", "{91806679-CD34-4F2B-AE01-3442C6C43856}"
EndProject
Project("{FAE04EC0-301F-11D3-BF4B-00C04F79EFBC}") = "MqMonitor.Example.AccountWorker", "examples\MqMonitor.Example.AccountWorker\MqMonitor.Example.AccountWorker.csproj", "{F1E28D69-AC95-4EBA-AE7E-660F79EB3E8E}"
EndProject
Project("{FAE04EC0-301F-11D3-BF4B-00C04F79EFBC}") = "MqMonitor.Example.RoutineWorker", "examples\MqMonitor.Example.RoutineWorker\MqMonitor.Example.RoutineWorker.csproj", "{A77AB306-077F-413C-86B9-0EF32C0AFC2D}"
EndProject
Project("{FAE04EC0-301F-11D3-BF4B-00C04F79EFBC}") = "MqMonitor.Example.PaymentWorker", "examples\MqMonitor.Example.PaymentWorker\MqMonitor.Example.PaymentWorker.csproj", "{48A9A716-29B7-4346-A2E1-BA257DCE9CE1}"
EndProject
Project("{FAE04EC0-301F-11D3-BF4B-00C04F79EFBC}") = "MqMonitor.Example.NotificationWorker", "examples\MqMonitor.Example.NotificationWorker\MqMonitor.Example.NotificationWorker.csproj", "{C9F9DF23-F688-446E-8D01-4F2C0A72C8AA}"
EndProject
Project("{FAE04EC0-301F-11D3-BF4B-00C04F79EFBC}") = "MqMonitor.Example.AuditWorker", "examples\MqMonitor.Example.AuditWorker\MqMonitor.Example.AuditWorker.csproj", "{D7EB1181-9433-4185-ADDB-4CC03F25771D}"
EndProject
Global
	GlobalSection(SolutionConfigurationPlatforms) = preSolution
		Debug|Any CPU = Debug|Any CPU
		Debug|x64 = Debug|x64
		Debug|x86 = Debug|x86
		Release|Any CPU = Release|Any CPU
		Release|x64 = Release|x64
		Release|x86 = Release|x86
	EndGlobalSection
	GlobalSection(ProjectConfigurationPlatforms) = postSolution
		{B1000001-0001-0001-0001-000000000001}.Debug|Any CPU.ActiveCfg = Debug|Any CPU
		{B1000001-0001-0001-0001-000000000001}.Debug|Any CPU.Build.0 = Debug|Any CPU
		{B1000001-0001-0001-0001-000000000001}.Debug|x64.ActiveCfg = Debug|Any CPU
		{B1000001-0001-0001-0001-000000000001}.Debug|x64.Build.0 = Debug|Any CPU
		{B1000001-0001-0001-0001-000000000001}.Debug|x86.ActiveCfg = Debug|Any CPU
		{B1000001-0001-0001-0001-000000000001}.Debug|x86.Build.0 = Debug|Any CPU
		{B1000001-0001-0001-0001-000000000001}.Release|Any CPU.ActiveCfg = Release|Any CPU
		{B1000001-0001-0001-0001-000000000001}.Release|Any CPU.Build.0 = Release|Any CPU
		{B1000001-0001-0001-0001-000000000001}.Release|x64.ActiveCfg = Release|Any CPU
		{B1000001-0001-0001-0001-000000000001}.Release|x64.Build.0 = Release|Any CPU
		{B1000001-0001-0001-0001-000000000001}.Release|x86.ActiveCfg = Release|Any CPU
		{B1000001-0001-0001-0001-000000000001}.Release|x86.Build.0 = Release|Any CPU
		{B1000002-0002-0002-0002-000000000002}.Debug|Any CPU.ActiveCfg = Debug|Any CPU
		{B1000002-0002-0002-0002-000000000002}.Debug|Any CPU.Build.0 = Debug|Any CPU
		{B1000002-0002-0002-0002-000000000002}.Debug|x64.ActiveCfg = Debug|Any CPU
		{B1000002-0002-0002-0002-000000000002}.Debug|x64.Build.0 = Debug|Any CPU
		{B1000002-0002-0002-0002-000000000002}.Debug|x86.ActiveCfg = Debug|Any CPU
		{B1000002-0002-0002-0002-000000000002}.Debug|x86.Build.0 = Debug|Any CPU
		{B1000002-0002-0002-0002-000000000002}.Release|Any CPU.ActiveCfg = Release|Any CPU
		{B1000002-0002-0002-0002-000000000002}.Release|Any CPU.Build.0 = Release|Any CPU
		{B1000002-0002-0002-0002-000000000002}.Release|x64.ActiveCfg = Release|Any CPU
		{B1000002-0002-0002-0002-000000000002}.Release|x64.Build.0 = Release|Any CPU
		{B1000002-0002-0002-0002-000000000002}.Release|x86.ActiveCfg = Release|Any CPU
		{B1000002-0002-0002-0002-000000000002}.Release|x86.Build.0 = Release|Any CPU
		{B1000003-0003-0003-0003-000000000003}.Debug|Any CPU.ActiveCfg = Debug|Any CPU
		{B1000003-0003-0003-0003-000000000003}.Debug|Any CPU.Build.0 = Debug|Any CPU
		{B1000003-0003-0003-0003-000000000003}.Debug|x64.ActiveCfg = Debug|Any CPU
		{B1000003-0003-0003-0003-000000000003}.Debug|x64.Build.0 = Debug|Any CPU
		{B1000003-0003-0003-0003-000000000003}.Debug|x86.ActiveCfg = Debug|Any CPU
		{B1000003-0003-0003-0003-000000000003}.Debug|x86.Build.0 = Debug|Any CPU
		{B1000003-0003-0003-0003-000000000003}.Release|Any CPU.ActiveCfg = Release|Any CPU
		{B1000003-0003-0003-0003-000000000003}.Release|Any CPU.Build.0 = Release|Any CPU
		{B1000003-0003-0003-0003-000000000003}.Release|x64.ActiveCfg = Release|Any CPU
		{B1000003-0003-0003-0003-000000000003}.Release|x64.Build.0 = Release|Any CPU
		{B1000003-0003-0003-0003-000000000003}.Release|x86.ActiveCfg = Release|Any CPU
		{B1000003-0003-0003-0003-000000000003}.Release|x86.Build.0 = Release|Any CPU
		{B1000004-0004-0004-0004-000000000004}.Debug|Any CPU.ActiveCfg = Debug|Any CPU
		{B1000004-0004-0004-0004-000000000004}.Debug|Any CPU.Build.0 = Debug|Any CPU
		{B1000004-0004-0004-0004-000000000004}.Debug|x64.ActiveCfg = Debug|Any CPU
		{B1000004-0004-0004-0004-000000000004}.Debug|x64.Build.0 = Debug|Any CPU
		{B1000004-0004-0004-0004-000000000004}.Debug|x86.ActiveCfg = Debug|Any CPU
		{B1000004-0004-0004-0004-000000000004}.Debug|x86.Build.0 = Debug|Any CPU
		{B1000004-0004-0004-0004-000000000004}.Release|Any CPU.ActiveCfg = Release|Any CPU
		{B1000004-0004-0004-0004-000000000004}.Release|Any CPU.Build.0 = Release|Any CPU
		{B1000004-0004-0004-0004-000000000004}.Release|x64.ActiveCfg = Release|Any CPU
		{B1000004-0004-0004-0004-000000000004}.Release|x64.Build.0 = Release|Any CPU
		{B1000004-0004-0004-0004-000000000004}.Release|x86.ActiveCfg = Release|Any CPU
		{B1000004-0004-0004-0004-000000000004}.Release|x86.Build.0 = Release|Any CPU
		{B1000005-0005-0005-0005-000000000005}.Debug|Any CPU.ActiveCfg = Debug|Any CPU
		{B1000005-0005-0005-0005-000000000005}.Debug|Any CPU.Build.0 = Debug|Any CPU
		{B1000005-0005-0005-0005-000000000005}.Debug|x64.ActiveCfg = Debug|Any CPU
		{B1000005-0005-0005-0005-000000000005}.Debug|x64.Build.0 = Debug|Any CPU
		{B1000005-0005-0005-0005-000000000005}.Debug|x86.ActiveCfg = Debug|Any CPU
		{B1000005-0005-0005-0005-000000000005}.Debug|x86.Build.0 = Debug|Any CPU
		{B1000005-0005-0005-0005-000000000005}.Release|Any CPU.ActiveCfg = Release|Any CPU
		{B1000005-0005-0005-0005-000000000005}.Release|Any CPU.Build.0 = Release|Any CPU
		{B1000005-0005-0005-0005-000000000005}.Release|x64.ActiveCfg = Release|Any CPU
		{B1000005-0005-0005-0005-000000000005}.Release|x64.Build.0 = Release|Any CPU
		{B1000005-0005-0005-0005-000000000005}.Release|x86.ActiveCfg = Release|Any CPU
		{B1000005-0005-0005-0005-000000000005}.Release|x86.Build.0 = Release|Any CPU
		{B1000006-0006-0006-0006-000000000006}.Debug|Any CPU.ActiveCfg = Debug|Any CPU
		{B1000006-0006-0006-0006-000000000006}.Debug|Any CPU.Build.0 = Debug|Any CPU
		{B1000006-0006-0006-0006-000000000006}.Debug|x64.ActiveCfg = Debug|Any CPU
		{B1000006-0006-0006-0006-000000000006}.Debug|x64.Build.0 = Debug|Any CPU
		{B1000006-0006-0006-0006-000000000006}.Debug|x86.ActiveCfg = Debug|Any CPU
		{B1000006-0006-0006-0006-000000000006}.Debug|x86.Build.0 = Debug|Any CPU
		{B1000006-0006-0006-0006-000000000006}.Release|Any CPU.ActiveCfg = Release|Any CPU
		{B1000006-0006-0006-0006-000000000006}.Release|Any CPU.Build.0 = Release|Any CPU
		{B1000006-0006-0006-0006-000000000006}.Release|x64.ActiveCfg = Release|Any CPU
		{B1000006-0006-0006-0006-000000000006}.Release|x64.Build.0 = Release|Any CPU
		{B1000006-0006-0006-0006-000000000006}.Release|x86.ActiveCfg = Release|Any CPU
		{B1000006-0006-0006-0006-000000000006}.Release|x86.Build.0 = Release|Any CPU
		{B1000007-0007-0007-0007-000000000007}.Debug|Any CPU.ActiveCfg = Debug|Any CPU
		{B1000007-0007-0007-0007-000000000007}.Debug|Any CPU.Build.0 = Debug|Any CPU
		{B1000007-0007-0007-0007-000000000007}.Debug|x64.ActiveCfg = Debug|Any CPU
		{B1000007-0007-0007-0007-000000000007}.Debug|x64.Build.0 = Debug|Any CPU
		{B1000007-0007-0007-0007-000000000007}.Debug|x86.ActiveCfg = Debug|Any CPU
		{B1000007-0007-0007-0007-000000000007}.Debug|x86.Build.0 = Debug|Any CPU
		{B1000007-0007-0007-0007-000000000007}.Release|Any CPU.ActiveCfg = Release|Any CPU
		{B1000007-0007-0007-0007-000000000007}.Release|Any CPU.Build.0 = Release|Any CPU
		{B1000007-0007-0007-0007-000000000007}.Release|x64.ActiveCfg = Release|Any CPU
		{B1000007-0007-0007-0007-000000000007}.Release|x64.Build.0 = Release|Any CPU
		{B1000007-0007-0007-0007-000000000007}.Release|x86.ActiveCfg = Release|Any CPU
		{B1000007-0007-0007-0007-000000000007}.Release|x86.Build.0 = Release|Any CPU
		{B1000008-0008-0008-0008-000000000008}.Debug|Any CPU.ActiveCfg = Debug|Any CPU
		{B1000008-0008-0008-0008-000000000008}.Debug|Any CPU.Build.0 = Debug|Any CPU
		{B1000008-0008-0008-0008-000000000008}.Debug|x64.ActiveCfg = Debug|Any CPU
		{B1000008-0008-0008-0008-000000000008}.Debug|x64.Build.0 = Debug|Any CPU
		{B1000008-0008-0008-0008-000000000008}.Debug|x86.ActiveCfg = Debug|Any CPU
		{B1000008-0008-0008-0008-000000000008}.Debug|x86.Build.0 = Debug|Any CPU
		{B1000008-0008-0008-0008-000000000008}.Release|Any CPU.ActiveCfg = Release|Any CPU
		{B1000008-0008-0008-0008-000000000008}.Release|Any CPU.Build.0 = Release|Any CPU
		{B1000008-0008-0008-0008-000000000008}.Release|x64.ActiveCfg = Release|Any CPU
		{B1000008-0008-0008-0008-000000000008}.Release|x64.Build.0 = Release|Any CPU
		{B1000008-0008-0008-0008-000000000008}.Release|x86.ActiveCfg = Release|Any CPU
		{B1000008-0008-0008-0008-000000000008}.Release|x86.Build.0 = Release|Any CPU
		{91806679-CD34-4F2B-AE01-3442C6C43856}.Debug|Any CPU.ActiveCfg = Debug|Any CPU
		{91806679-CD34-4F2B-AE01-3442C6C43856}.Debug|Any CPU.Build.0 = Debug|Any CPU
		{91806679-CD34-4F2B-AE01-3442C6C43856}.Debug|x64.ActiveCfg = Debug|Any CPU
		{91806679-CD34-4F2B-AE01-3442C6C43856}.Debug|x64.Build.0 = Debug|Any CPU
		{91806679-CD34-4F2B-AE01-3442C6C43856}.Debug|x86.ActiveCfg = Debug|Any CPU
		{91806679-CD34-4F2B-AE01-3442C6C43856}.Debug|x86.Build.0 = Debug|Any CPU
		{91806679-CD34-4F2B-AE01-3442C6C43856}.Release|Any CPU.ActiveCfg = Release|Any CPU
		{91806679-CD34-4F2B-AE01-3442C6C43856}.Release|Any CPU.Build.0 = Release|Any CPU
		{91806679-CD34-4F2B-AE01-3442C6C43856}.Release|x64.ActiveCfg = Release|Any CPU
		{91806679-CD34-4F2B-AE01-3442C6C43856}.Release|x64.Build.0 = Release|Any CPU
		{91806679-CD34-4F2B-AE01-3442C6C43856}.Release|x86.ActiveCfg = Release|Any CPU
		{91806679-CD34-4F2B-AE01-3442C6C43856}.Release|x86.Build.0 = Release|Any CPU
		{F1E28D69-AC95-4EBA-AE7E-660F79EB3E8E}.Debug|Any CPU.ActiveCfg = Debug|Any CPU
		{F1E28D69-AC95-4EBA-AE7E-660F79EB3E8E}.Debug|Any CPU.Build.0 = Debug|Any CPU
		{F1E28D69-AC95-4EBA-AE7E-660F79EB3E8E}.Debug|x64.ActiveCfg = Debug|Any CPU
		{F1E28D69-AC95-4EBA-AE7E-660F79EB3E8E}.Debug|x64.Build.0 = Debug|Any CPU
		{F1E28D69-AC95-4EBA-AE7E-660F79EB3E8E}.Debug|x86.ActiveCfg = Debug|Any CPU
		{F1E28D69-AC95-4EBA-AE7E-660F79EB3E8E}.Debug|x86.Build.0 = Debug|Any CPU
		{F1E28D69-AC95-4EBA-AE7E-660F79EB3E8E}.Release|Any CPU.ActiveCfg = Release|Any CPU
		{F1E28D69-AC95-4EBA-AE7E-660F79EB3E8E}.Release|Any CPU.Build.0 = Release|Any CPU
		{F1E28D69-AC95-4EBA-AE7E-660F79EB3E8E}.Release|x64.ActiveCfg = Release|Any CPU
		{F1E28D69-AC95-4EBA-AE7E-660F79EB3E8E}.Release|x64.Build.0 = Release|Any CPU
		{F1E28D69-AC95-4EBA-AE7E-660F79EB3E8E}.Release|x86.ActiveCfg = Release|Any CPU
		{F1E28D69-AC95-4EBA-AE7E-660F79EB3E8E}.Release|x86.Build.0 = Release|Any CPU
		{A77AB306-077F-413C-86B9-0EF32C0AFC2D}.Debug|Any CPU.ActiveCfg = Debug|Any CPU
		{A77AB306-077F-413C-86B9-0EF32C0AFC2D}.Debug|Any CPU.Build.0 = Debug|Any CPU
		{A77AB306-077F-413C-86B9-0EF32C0AFC2D}.Debug|x64.ActiveCfg = Debug|Any CPU
		{A77AB306-077F-413C-86B9-0EF32C0AFC2D}.Debug|x64.Build.0 = Debug|Any CPU
		{A77AB306-077F-413C-86B9-0EF32C0AFC2D}.Debug|x86.ActiveCfg = Debug|Any CPU
		{A77AB306-077F-413C-86B9-0EF32C0AFC2D}.Debug|x86.Build.0 = Debug|Any CPU
		{A77AB306-077F-413C-86B9-0EF32C0AFC2D}.Release|Any CPU.ActiveCfg = Release|Any CPU
		{A77AB306-077F-413C-86B9-0EF32C0AFC2D}.Release|Any CPU.Build.0 = Release|Any CPU
		{A77AB306-077F-413C-86B9-0EF32C0AFC2D}.Release|x64.ActiveCfg = Release|Any CPU
		{A77AB306-077F-413C-86B9-0EF32C0AFC2D}.Release|x64.Build.0 = Release|Any CPU
		{A77AB306-077F-413C-86B9-0EF32C0AFC2D}.Release|x86.ActiveCfg = Release|Any CPU
		{A77AB306-077F-413C-86B9-0EF32C0AFC2D}.Release|x86.Build.0 = Release|Any CPU
		{48A9A716-29B7-4346-A2E1-BA257DCE9CE1}.Debug|Any CPU.ActiveCfg = Debug|Any CPU
		{48A9A716-29B7-4346-A2E1-BA257DCE9CE1}.Debug|Any CPU.Build.0 = Debug|Any CPU
		{48A9A716-29B7-4346-A2E1-BA257DCE9CE1}.Debug|x64.ActiveCfg = Debug|Any CPU
		{48A9A716-29B7-4346-A2E1-BA257DCE9CE1}.Debug|x64.Build.0 = Debug|Any CPU
		{48A9A716-29B7-4346-A2E1-BA257DCE9CE1}.Debug|x86.ActiveCfg = Debug|Any CPU
		{48A9A716-29B7-4346-A2E1-BA257DCE9CE1}.Debug|x86.Build.0 = Debug|Any CPU
		{48A9A716-29B7-4346-A2E1-BA257DCE9CE1}.Release|Any CPU.ActiveCfg = Release|Any CPU
		{48A9A716-29B7-4346-A2E1-BA257DCE9CE1}.Release|Any CPU.Build.0 = Release|Any CPU
		{48A9A716-29B7-4346-A2E1-BA257DCE9CE1}.Release|x64.ActiveCfg = Release|Any CPU
		{48A9A716-29B7-4346-A2E1-BA257DCE9CE1}.Release|x64.Build.0 = Release|Any CPU
		{48A9A716-29B7-4346-A2E1-BA257DCE9CE1}.Release|x86.ActiveCfg = Release|Any CPU
		{48A9A716-29B7-4346-A2E1-BA257DCE9CE1}.Release|x86.Build.0 = Release|Any CPU
		{C9F9DF23-F688-446E-8D01-4F2C0A72C8AA}.Debug|Any CPU.ActiveCfg = Debug|Any CPU
		{C9F9DF23-F688-446E-8D01-4F2C0A72C8AA}.Debug|Any CPU.Build.0 = Debug|Any CPU
		{C9F9DF23-F688-446E-8D01-4F2C0A72C8AA}.Debug|x64.ActiveCfg = Debug|Any CPU
		{C9F9DF23-F688-446E-8D01-4F2C0A72C8AA}.Debug|x64.Build.0 = Debug|Any CPU
		{C9F9DF23-F688-446E-8D01-4F2C0A72C8AA}.Debug|x86.ActiveCfg = Debug|Any CPU
		{C9F9DF23-F688-446E-8D01-4F2C0A72C8AA}.Debug|x86.Build.0 = Debug|Any CPU
		{C9F9DF23-F688-446E-8D01-4F2C0A72C8AA}.Release|Any CPU.ActiveCfg = Release|Any CPU
		{C9F9DF23-F688-446E-8D01-4F2C0A72C8AA}.Release|Any CPU.Build.0 = Release|Any CPU
		{C9F9DF23-F688-446E-8D01-4F2C0A72C8AA}.Release|x64.ActiveCfg = Release|Any CPU
		{C9F9DF23-F688-446E-8D01-4F2C0A72C8AA}.Release|x64.Build.0 = Release|Any CPU
		{C9F9DF23-F688-446E-8D01-4F2C0A72C8AA}.Release|x86.ActiveCfg = Release|Any CPU
		{C9F9DF23-F688-446E-8D01-4F2C0A72C8AA}.Release|x86.Build.0 = Release|Any CPU
		{D7EB1181-9433-4185-ADDB-4CC03F25771D}.Debug|Any CPU.ActiveCfg = Debug|Any CPU
		{D7EB1181-9433-4185-ADDB-4CC03F25771D}.Debug|Any CPU.Build.0 = Debug|Any CPU
		{D7EB1181-9433-4185-ADDB-4CC03F25771D}.Debug|x64.ActiveCfg = Debug|Any CPU
		{D7EB1181-9433-4185-ADDB-4CC03F25771D}.Debug|x64.Build.0 = Debug|Any CPU
		{D7EB1181-9433-4185-ADDB-4CC03F25771D}.Debug|x86.ActiveCfg = Debug|Any CPU
		{D7EB1181-9433-4185-ADDB-4CC03F25771D}.Debug|x86.Build.0 = Debug|Any CPU
		{D7EB1181-9433-4185-ADDB-4CC03F25771D}.Release|Any CPU.ActiveCfg = Release|Any CPU
		{D7EB1181-9433-4185-ADDB-4CC03F25771D}.Release|Any CPU.Build.0 = Release|Any CPU
		{D7EB1181-9433-4185-ADDB-4CC03F25771D}.Release|x64.ActiveCfg = Release|Any CPU
		{D7EB1181-9433-4185-ADDB-4CC03F25771D}.Release|x64.Build.0 = Release|Any CPU
		{D7EB1181-9433-4185-ADDB-4CC03F25771D}.Release|x86.ActiveCfg = Release|Any CPU
		{D7EB1181-9433-4185-ADDB-4CC03F25771D}.Release|x86.Build.0 = Release|Any CPU
	EndGlobalSection
	GlobalSection(SolutionProperties) = preSolution
		HideSolutionNode = FALSE
	EndGlobalSection
	GlobalSection(NestedProjects) = preSolution
		{B1000001-0001-0001-0001-000000000001} = {27A0797C-AB8B-42E8-A478-FECE20B0623A}
		{B1000002-0002-0002-0002-000000000002} = {27A0797C-AB8B-42E8-A478-FECE20B0623A}
		{B1000003-0003-0003-0003-000000000003} = {27A0797C-AB8B-42E8-A478-FECE20B0623A}
		{B1000004-0004-0004-0004-000000000004} = {27A0797C-AB8B-42E8-A478-FECE20B0623A}
		{B1000005-0005-0005-0005-000000000005} = {27A0797C-AB8B-42E8-A478-FECE20B0623A}
		{B1000006-0006-0006-0006-000000000006} = {CED65F3B-D11E-4312-BF6D-EC92A02DB88E}
		{B1000007-0007-0007-0007-000000000007} = {CED65F3B-D11E-4312-BF6D-EC92A02DB88E}
		{B1000008-0008-0008-0008-000000000008} = {CED65F3B-D11E-4312-BF6D-EC92A02DB88E}
		{91806679-CD34-4F2B-AE01-3442C6C43856} = {833D9FD2-A37B-FE9E-8D12-9A6B162B0C47}
		{F1E28D69-AC95-4EBA-AE7E-660F79EB3E8E} = {833D9FD2-A37B-FE9E-8D12-9A6B162B0C47}
		{A77AB306-077F-413C-86B9-0EF32C0AFC2D} = {833D9FD2-A37B-FE9E-8D12-9A6B162B0C47}
		{48A9A716-29B7-4346-A2E1-BA257DCE9CE1} = {833D9FD2-A37B-FE9E-8D12-9A6B162B0C47}
		{C9F9DF23-F688-446E-8D01-4F2C0A72C8AA} = {833D9FD2-A37B-FE9E-8D12-9A6B162B0C47}
		{D7EB1181-9433-4185-ADDB-4CC03F25771D} = {833D9FD2-A37B-FE9E-8D12-9A6B162B0C47}
	EndGlobalSection
	GlobalSection(ExtensibilityGlobals) = postSolution
		SolutionGuid = {014ACBAC-17BD-4366-A8B2-60AA466ABEB0}
	EndGlobalSection
EndGlobal
